
Microsoft Visual Studio Solution File, Format Version 12.00
# Visual Studio Version 16
VisualStudioVersion = 16.0.33801.447
MinimumVisualStudioVersion = 10.0.40219.1
Project("{888888A0-9F3D-457C-B088-3A5042F75D52}") = "Class1", "Class1\Class1.pyproj", "{FF67B3FD-BB67-4CCD-8E58-CE552ACF57D9}"
EndProject
Global
	GlobalSection(SolutionConfigurationPlatforms) = preSolution
		Debug|Any CPU = Debug|Any CPU
		Release|Any CPU = Release|Any CPU
	EndGlobalSection
	GlobalSection(ProjectConfigurationPlatforms) = postSolution
		{FF67B3FD-BB67-4CCD-8E58-CE552ACF57D9}.Debug|Any CPU.ActiveCfg = Debug|Any CPU
		{FF67B3FD-BB67-4CCD-8E58-CE552ACF57D9}.Release|Any CPU.ActiveCfg = Release|Any CPU
	EndGlobalSection
	GlobalSection(SolutionProperties) = preSolution
		HideSolutionNode = FALSE
	EndGlobalSection
	GlobalSection(ExtensibilityGlobals) = postSolution
		SolutionGuid = {F5864498-E4BD-4F89-8193-338BF5A0D6F7}
	EndGlobalSection
EndGlobal
